
Microsoft Visual Studio Solution File, Format Version 12.00
# Visual Studio Version 17
VisualStudioVersion = 17.0.31903.59
MinimumVisualStudioVersion = 10.0.40219.1
Project("{2150E333-8FDC-42A3-9474-1A3956D46DE8}") = "Com.Api", "Com.Api", "{13C769AE-791C-4803-A79F-F2CAE2BA59E2}"
EndProject
Project("{FAE04EC0-301F-11D3-BF4B-00C04F79EFBC}") = "Com.Api.Open", "Com.Api\Com.Api.Open\Com.Api.Open.csproj", "{E5FA6368-61DC-452C-B7B7-6CCE893C4396}"
EndProject
Project("{FAE04EC0-301F-11D3-BF4B-00C04F79EFBC}") = "Com.Api.Admin", "Com.Api\Com.Api.Admin\Com.Api.Admin.csproj", "{6BCE7678-64A5-4EA8-9467-C15EF5352A04}"
EndProject
Project("{FAE04EC0-301F-11D3-BF4B-00C04F79EFBC}") = "Com.Bll", "Com.Bll\Com.Bll.csproj", "{58B262FD-1646-431A-89F2-3A33AB7E6EA6}"
EndProject
Project("{FAE04EC0-301F-11D3-BF4B-00C04F79EFBC}") = "Com.Models", "Com.Models\Com.Models.csproj", "{4301EB81-F392-4E65-8205-B621560DD672}"
EndProject
Project("{2150E333-8FDC-42A3-9474-1A3956D46DE8}") = "Com.Service", "Com.Service", "{1CCCAE80-2792-4CF6-9A4F-44C387D65135}"
EndProject
Project("{FAE04EC0-301F-11D3-BF4B-00C04F79EFBC}") = "Com.Service.Match", "Com.Service\Com.Service.Match\Com.Service.Match.csproj", "{43429C9E-114E-4468-9AD5-39B873AFBC64}"
EndProject
Project("{FAE04EC0-301F-11D3-BF4B-00C04F79EFBC}") = "Com.Service.Trade", "Com.Service\Com.Service.Trade\Com.Service.Trade.csproj", "{04CAAFC1-238D-44E7-9DA0-0F6E9E0A7899}"
EndProject
Global
	GlobalSection(SolutionConfigurationPlatforms) = preSolution
		Debug|Any CPU = Debug|Any CPU
		Release|Any CPU = Release|Any CPU
	EndGlobalSection
	GlobalSection(SolutionProperties) = preSolution
		HideSolutionNode = FALSE
	EndGlobalSection
	GlobalSection(ProjectConfigurationPlatforms) = postSolution
		{E5FA6368-61DC-452C-B7B7-6CCE893C4396}.Debug|Any CPU.ActiveCfg = Debug|Any CPU
		{E5FA6368-61DC-452C-B7B7-6CCE893C4396}.Debug|Any CPU.Build.0 = Debug|Any CPU
		{E5FA6368-61DC-452C-B7B7-6CCE893C4396}.Release|Any CPU.ActiveCfg = Release|Any CPU
		{E5FA6368-61DC-452C-B7B7-6CCE893C4396}.Release|Any CPU.Build.0 = Release|Any CPU
		{6BCE7678-64A5-4EA8-9467-C15EF5352A04}.Debug|Any CPU.ActiveCfg = Debug|Any CPU
		{6BCE7678-64A5-4EA8-9467-C15EF5352A04}.Debug|Any CPU.Build.0 = Debug|Any CPU
		{6BCE7678-64A5-4EA8-9467-C15EF5352A04}.Release|Any CPU.ActiveCfg = Release|Any CPU
		{6BCE7678-64A5-4EA8-9467-C15EF5352A04}.Release|Any CPU.Build.0 = Release|Any CPU
		{58B262FD-1646-431A-89F2-3A33AB7E6EA6}.Debug|Any CPU.ActiveCfg = Debug|Any CPU
		{58B262FD-1646-431A-89F2-3A33AB7E6EA6}.Debug|Any CPU.Build.0 = Debug|Any CPU
		{58B262FD-1646-431A-89F2-3A33AB7E6EA6}.Release|Any CPU.ActiveCfg = Release|Any CPU
		{58B262FD-1646-431A-89F2-3A33AB7E6EA6}.Release|Any CPU.Build.0 = Release|Any CPU
		{4301EB81-F392-4E65-8205-B621560DD672}.Debug|Any CPU.ActiveCfg = Debug|Any CPU
		{4301EB81-F392-4E65-8205-B621560DD672}.Debug|Any CPU.Build.0 = Debug|Any CPU
		{4301EB81-F392-4E65-8205-B621560DD672}.Release|Any CPU.ActiveCfg = Release|Any CPU
		{4301EB81-F392-4E65-8205-B621560DD672}.Release|Any CPU.Build.0 = Release|Any CPU
		{43429C9E-114E-4468-9AD5-39B873AFBC64}.Debug|Any CPU.ActiveCfg = Debug|Any CPU
		{43429C9E-114E-4468-9AD5-39B873AFBC64}.Debug|Any CPU.Build.0 = Debug|Any CPU
		{43429C9E-114E-4468-9AD5-39B873AFBC64}.Release|Any CPU.ActiveCfg = Release|Any CPU
		{43429C9E-114E-4468-9AD5-39B873AFBC64}.Release|Any CPU.Build.0 = Release|Any CPU
		{04CAAFC1-238D-44E7-9DA0-0F6E9E0A7899}.Debug|Any CPU.ActiveCfg = Debug|Any CPU
		{04CAAFC1-238D-44E7-9DA0-0F6E9E0A7899}.Debug|Any CPU.Build.0 = Debug|Any CPU
		{04CAAFC1-238D-44E7-9DA0-0F6E9E0A7899}.Release|Any CPU.ActiveCfg = Release|Any CPU
		{04CAAFC1-238D-44E7-9DA0-0F6E9E0A7899}.Release|Any CPU.Build.0 = Release|Any CPU
	EndGlobalSection
	GlobalSection(NestedProjects) = preSolution
		{E5FA6368-61DC-452C-B7B7-6CCE893C4396} = {13C769AE-791C-4803-A79F-F2CAE2BA59E2}
		{6BCE7678-64A5-4EA8-9467-C15EF5352A04} = {13C769AE-791C-4803-A79F-F2CAE2BA59E2}
		{43429C9E-114E-4468-9AD5-39B873AFBC64} = {1CCCAE80-2792-4CF6-9A4F-44C387D65135}
		{04CAAFC1-238D-44E7-9DA0-0F6E9E0A7899} = {1CCCAE80-2792-4CF6-9A4F-44C387D65135}
	EndGlobalSection
EndGlobal
